{
  "name": "timeforgames-server",
  "lockfileVersion": 3,
  "requires": true,
  "packages": {
    "": {
      "name": "timeforgames-server",
      "version": "1.0.0",
      "license": "ISC",
      "dependencies": {
        "cors": "^2.8.5",
        "express": "^4.18.2",
        "node-fetch": "^3.3.2",
        "xml2js": "^0.5.0"
      }
    }
  },
  "dependencies": {
    "cors": {
      "version": "2.8.5",
      "resolved": "https://registry.npmjs.org/cors/-/cors-2.8.5.tgz",
      "integrity": "sha512-TuB+VZ/4F1smMZ0fN0PC3fgOT6VZXMTf/h2e+STbMZnD35U0JAV/jZG8HNKYz1iZqTAd3u8owrY+l7a6Un1zNQ==",
      "dependencies": {
        "object-assign": "^4.1.1"
      }
    },
    "express": {
      "version": "4.18.2",
      "resolved": "https://registry.npmjs.org/express/-/express-4.18.2.tgz",
      "integrity": "sha512-i4/fFJf3eZzT8Gkdf8c2VfEX4RVc6r1Zo4qZ8cVmnX0a1h+o8Z0U/5h+7fXqTg8M3eBqIYFlT3Iu/z8xS6d9Xg==",
      "dependencies": {
        "accepts": "~1.3.8",
        "array-flatten": "1.1.1",
        "body-parser": "1.20.2",
        "content-disposition": "0.5.4",
        "content-type": "~1.0.4",
        "cookie": "0.5.0",
        "cookie-signature": "1.0.6",
        "debug": "2.6.9",
        "depd": "~2.0.0",
        "encodeurl": "~1.0.2",
        "escape-html": "~1.0.3",
        "etag": "~1.8.1",
        "finalhandler": "1.2.0",
        "fresh": "0.5.2",
        "merge-descriptors": "1.0.1",
        "methods": "~1.1.2",
        "on-finished": "2.4.1",
        "parseurl": "~1.3.4",
        "path-to-regexp": "0.1.7",
        "proxy-addr": "~2.0.7",
        "qs": "6.11.0",
        "range-parser": "~1.2.1",
        "safe-buffer": "5.2.1",
        "send": "0.18.0",
        "serve-static": "1.15.0",
        "setprototypeof": "1.2.0",
        "statuses": "~2.0.1",
        "type-is": "~1.6.18",
        "utils-merge": "1.0.1",
        "vary": "~1.1.2"
      }
    },
    "node-fetch": {
      "version": "3.3.2",
      "resolved": "https://registry.npmjs.org/node-fetch/-/node-fetch-3.3.2.tgz",
      "integrity": "sha512-9H9Q9+Zg+nSxNknIlja4U+f6uTUB0B7HjuVqJ6kKf52YwEqjrzFbbj4b0GFhj6ZObPJEv6yTRe5QJl+fbG8Kg=="
    },
    "object-assign": {
      "version": "4.1.1",
      "resolved": "https://registry.npmjs.org/object-assign/-/object-assign-4.1.1.tgz",
      "integrity": "sha512-qJ8tEyY7+2c/pP9jxfuK0vjN2a2r0I6kT0A3kbbj6TyhfAlI7CWZlX7YJr4eV8kx5J0Dz6Y8AQKz4vHyC7ETQA=="
    },
    "xml2js": {
      "version": "0.5.0",
      "resolved": "https://registry.npmjs.org/xml2js/-/xml2js-0.5.0.tgz",
      "integrity": "sha512-UJQ5zJhkGk0y04iDV9nUp8pPYRkW3pYbB6/akpD8wwK63vwBd7kUeAfG8X5xP3Cq4OBsfoi6rL7YJjGx4S8S5w=="
    }
  }
}
