{
  "name": "timeforgames-server",
  "lockfileVersion": 3,
  "requires": true,
  "packages": {
    "": {
      "name": "timeforgames-server",
      "version": "1.0.0",
      "license": "ISC",
      "dependencies": {
        "cors": "^2.8.5",
        "dotenv": "^16.3.1",
        "express": "^4.18.2",
        "node-fetch": "^3.3.2"
      }
    }
  },
  "dependencies": {
    "cors": {
      "version": "2.8.5",
      "resolved": "https://registry.npmjs.org/cors/-/cors-2.8.5.tgz",
      "integrity": "sha512-TuB+VZ/4F1smMZ0fN0PC3fgOT6VZXMTf/h2e+STbMZnD35U0JAV/jZG8HNKYz1iZqTAd3u8owrY+l7a6Un1zNQ==",
      "dependencies": {
        "object-assign": "^4.1.1"
      }
    },
    "dotenv": {
      "version": "16.3.1",
      "resolved": "https://registry.npmjs.org/dotenv/-/dotenv-16.3.1.tgz",
      "integrity": "sha512-q8ZlKwn0q4wG3U+vTXwzPG+Zq7D/5RynK6ipSZx3XkSD2a/cwP4+jTxvEEC4XLHBC6+vMQcX/hMjxz8I5oh/QA=="
    },
    "express": {
      "version": "4.18.2",
      "resolved": "https://registry.npmjs.org/express/-/express-4.18.2.tgz",
      "integrity": "sha512-i4/fFJf3eZzT8Gkdf8c2VfEX4RVc6r1Zo4qZ8cVmnX0a1h+o8Z0U/5h+7fXqTg8M3eBqIYFlT3Iu/z8xS6d9Xg=="
    },
    "node-fetch": {
      "version": "3.3.2",
      "resolved": "https://registry.npmjs.org/node-fetch/-/node-fetch-3.3.2.tgz",
      "integrity": "sha512-9H9Q9+Zg+nSxNknIlja4U+f6uTUB0B7HjuVqJ6kKf52YwEqjrzFbbj4b0GFhj6ZObPJEv6yTRe5QJl+fbG8Kg=="
    },
    "object-assign": {
      "version": "4.1.1",
      "resolved": "https://registry.npmjs.org/object-assign/-/object-assign-4.1.1.tgz",
      "integrity": "sha512-qJ8tEyY7+2c/pP9jxfuK0vjN2a2r0I6kT0A3kbbj6TyhfAlI7CWZlX7YJr4eV8kx5J0Dz6Y8AQKz4vHyC7ETQA=="
    }
  }
}
